
Microsoft Visual Studio Solution File, Format Version 12.00
# Visual Studio Version 16
VisualStudioVersion = 16.0.30225.117
MinimumVisualStudioVersion = 10.0.40219.1
Project("{8BC9CEB8-8B4A-11D0-8D11-00A0C91BC942}") = "CH4_Test", "CH4_Test\CH4_Test.vcxproj", "{BF550333-C8FC-45B9-9750-9F2823DAFBE2}"
EndProject
Global
	GlobalSection(SolutionConfigurationPlatforms) = preSolution
		Debug|x64 = Debug|x64
		Debug|x86 = Debug|x86
		Release|x64 = Release|x64
		Release|x86 = Release|x86
	EndGlobalSection
	GlobalSection(ProjectConfigurationPlatforms) = postSolution
		{BF550333-C8FC-45B9-9750-9F2823DAFBE2}.Debug|x64.ActiveCfg = Debug|x64
		{BF550333-C8FC-45B9-9750-9F2823DAFBE2}.Debug|x64.Build.0 = Debug|x64
		{BF550333-C8FC-45B9-9750-9F2823DAFBE2}.Debug|x86.ActiveCfg = Debug|Win32
		{BF550333-C8FC-45B9-9750-9F2823DAFBE2}.Debug|x86.Build.0 = Debug|Win32
		{BF550333-C8FC-45B9-9750-9F2823DAFBE2}.Release|x64.ActiveCfg = Release|x64
		{BF550333-C8FC-45B9-9750-9F2823DAFBE2}.Release|x64.Build.0 = Release|x64
		{BF550333-C8FC-45B9-9750-9F2823DAFBE2}.Release|x86.ActiveCfg = Release|Win32
		{BF550333-C8FC-45B9-9750-9F2823DAFBE2}.Release|x86.Build.0 = Release|Win32
	EndGlobalSection
	GlobalSection(SolutionProperties) = preSolution
		HideSolutionNode = FALSE
	EndGlobalSection
	GlobalSection(ExtensibilityGlobals) = postSolution
		SolutionGuid = {B568CCDA-7510-47DA-BF7E-7EB76DD6BF3F}
	EndGlobalSection
EndGlobal
