
Microsoft Visual Studio Solution File, Format Version 12.00
# Visual Studio Version 16
VisualStudioVersion = 16.0.30011.22
MinimumVisualStudioVersion = 10.0.40219.1
Project("{8BC9CEB8-8B4A-11D0-8D11-00A0C91BC942}") = "2_strings", "2_strings\2_strings.vcxproj", "{917051E7-56D2-4B87-955B-B19AE7967728}"
EndProject
Global
	GlobalSection(SolutionConfigurationPlatforms) = preSolution
		Debug|x64 = Debug|x64
		Debug|x86 = Debug|x86
		Release|x64 = Release|x64
		Release|x86 = Release|x86
	EndGlobalSection
	GlobalSection(ProjectConfigurationPlatforms) = postSolution
		{917051E7-56D2-4B87-955B-B19AE7967728}.Debug|x64.ActiveCfg = Debug|x64
		{917051E7-56D2-4B87-955B-B19AE7967728}.Debug|x64.Build.0 = Debug|x64
		{917051E7-56D2-4B87-955B-B19AE7967728}.Debug|x86.ActiveCfg = Debug|Win32
		{917051E7-56D2-4B87-955B-B19AE7967728}.Debug|x86.Build.0 = Debug|Win32
		{917051E7-56D2-4B87-955B-B19AE7967728}.Release|x64.ActiveCfg = Release|x64
		{917051E7-56D2-4B87-955B-B19AE7967728}.Release|x64.Build.0 = Release|x64
		{917051E7-56D2-4B87-955B-B19AE7967728}.Release|x86.ActiveCfg = Release|Win32
		{917051E7-56D2-4B87-955B-B19AE7967728}.Release|x86.Build.0 = Release|Win32
	EndGlobalSection
	GlobalSection(SolutionProperties) = preSolution
		HideSolutionNode = FALSE
	EndGlobalSection
	GlobalSection(ExtensibilityGlobals) = postSolution
		SolutionGuid = {3478789D-C13A-4E54-91DE-741D5E11A4E0}
	EndGlobalSection
EndGlobal
